{
  "name": "awad-law-firm-website",
  "version": "1.0.0",
  "lockfileVersion": 3,
  "requires": true,
  "packages": {
    "": {
      "name": "awad-law-firm-website",
      "version": "1.0.0",
      "dependencies": {
        "country-state-city": "^3.2.1",
        "intl-tel-input": "^29.0.3"
      },
      "engines": {
        "node": ">=20"
      }
    },
    "node_modules/country-state-city": {
      "version": "3.2.1",
      "resolved": "https://registry.npmjs.org/country-state-city/-/country-state-city-3.2.1.tgz",
      "integrity": "sha512-kxbanqMc6izjhc/EHkGPCTabSPZ2G6eG4/97akAYHJUN4stzzFEvQPZoF8oXDQ+10gM/O/yUmISCR1ZVxyb6EA==",
      "license": "GPL-3.0"
    },
    "node_modules/intl-tel-input": {
      "version": "29.0.3",
      "resolved": "https://registry.npmjs.org/intl-tel-input/-/intl-tel-input-29.0.3.tgz",
      "integrity": "sha512-ghv9GrUtcp1IrhzRQ6QQ8MV6eu19iTXqwx1E5RcG1XubtbpdMdilF7lCg1RzikSPSdZc26NWOrQOmqbjCaKJ+A==",
      "license": "MIT"
    }
  }
}
